// !$*UTF8*$!
{
	archiveVersion = 1;
	classes = {
	};
	objectVersion = 55;
	objects = {

/* Begin PBXBuildFile section */
		CA51A74327D3EF200049E81C /* AppDelegate.swift in Sources */ = {isa = PBXBuildFile; fileRef = CA51A74227D3EF200049E81C /* AppDelegate.swift */; };
		CA51A74527D3EF200049E81C /* SceneDelegate.swift in Sources */ = {isa = PBXBuildFile; fileRef = CA51A74427D3EF200049E81C /* SceneDelegate.swift */; };
		CA51A74727D3EF200049E81C /* ViewController.swift in Sources */ = {isa = PBXBuildFile; fileRef = CA51A74627D3EF200049E81C /* ViewController.swift */; };
		CA51A74A27D3EF200049E81C /* Main.storyboard in Resources */ = {isa = PBXBuildFile; fileRef = CA51A74827D3EF200049E81C /* Main.storyboard */; };
		CA51A74C27D3EF2C0049E81C /* Assets.xcassets in Resources */ = {isa = PBXBuildFile; fileRef = CA51A74B27D3EF2C0049E81C /* Assets.xcassets */; };
		CA51A74F27D3EF2C0049E81C /* LaunchScreen.storyboard in Resources */ = {isa = PBXBuildFile; fileRef = CA51A74D27D3EF2C0049E81C /* LaunchScreen.storyboard */; };
		CA51A75A27D3EF2D0049E81C /* TwitterTests.swift in Sources */ = {isa = PBXBuildFile; fileRef = CA51A75927D3EF2D0049E81C /* TwitterTests.swift */; };
		CA51A76427D3EF2D0049E81C /* TwitterUITests.swift in Sources */ = {isa = PBXBuildFile; fileRef = CA51A76327D3EF2D0049E81C /* TwitterUITests.swift */; };
		CA51A76627D3EF2D0049E81C /* TwitterUITestsLaunchTests.swift in Sources */ = {isa = PBXBuildFile; fileRef = CA51A76527D3EF2D0049E81C /* TwitterUITestsLaunchTests.swift */; };
/* End PBXBuildFile section */

/* Begin PBXContainerItemProxy section */
		CA51A75627D3EF2D0049E81C /* PBXContainerItemProxy */ = {
			isa = PBXContainerItemProxy;
			containerPortal = CA51A73727D3EF200049E81C /* Project object */;
			proxyType = 1;
			remoteGlobalIDString = CA51A73E27D3EF200049E81C;
			remoteInfo = Twitter;
		};
		CA51A76027D3EF2D0049E81C /* PBXContainerItemProxy */ = {
			isa = PBXContainerItemProxy;
			containerPortal = CA51A73727D3EF200049E81C /* Project object */;
			proxyType = 1;
			remoteGlobalIDString = CA51A73E27D3EF200049E81C;
			remoteInfo = Twitter;
		};
/* End PBXContainerItemProxy section */

/* Begin PBXFileReference section */
		CA51A73F27D3EF200049E81C /* Twitter.app */ = {isa = PBXFileReference; explicitFileType = wrapper.application; includeInIndex = 0; path = Twitter.app; sourceTree = BUILT_PRODUCTS_DIR; };
		CA51A74227D3EF200049E81C /* AppDelegate.swift */ = {isa = PBXFileReference; lastKnownFileType = sourcecode.swift; path = AppDelegate.swift; sourceTree = "<group>"; };
		CA51A74427D3EF200049E81C /* SceneDelegate.swift */ = {isa = PBXFileReference; lastKnownFileType = sourcecode.swift; path = SceneDelegate.swift; sourceTree = "<group>"; };
		CA51A74627D3EF200049E81C /* ViewController.swift */ = {isa = PBXFileReference; lastKnownFileType = sourcecode.swift; path = ViewController.swift; sourceTree = "<group>"; };
		CA51A74927D3EF200049E81C /* Base */ = {isa = PBXFileReference; lastKnownFileType = file.storyboard; name = Base; path = Base.lproj/Main.storyboard; sourceTree = "<group>"; };
		CA51A74B27D3EF2C0049E81C /* Assets.xcassets */ = {isa = PBXFileReference; lastKnownFileType = folder.assetcatalog; path = Assets.xcassets; sourceTree = "<group>"; };
		CA51A74E27D3EF2C0049E81C /* Base */ = {isa = PBXFileReference; lastKnownFileType = file.storyboard; name = Base; path = Base.lproj/LaunchScreen.storyboard; sourceTree = "<group>"; };
		CA51A75027D3EF2C0049E81C /* Info.plist */ = {isa = PBXFileReference; lastKnownFileType = text.plist.xml; path = Info.plist; sourceTree = "<group>"; };
		CA51A75527D3EF2D0049E81C /* TwitterTests.xctest */ = {isa = PBXFileReference; explicitFileType = wrapper.cfbundle; includeInIndex = 0; path = TwitterTests.xctest; sourceTree = BUILT_PRODUCTS_DIR; };
		CA51A75927D3EF2D0049E81C /* TwitterTests.swift */ = {isa = PBXFileReference; lastKnownFileType = sourcecode.swift; path = TwitterTests.swift; sourceTree = "<group>"; };
		CA51A75F27D3EF2D0049E81C /* TwitterUITests.xctest */ = {isa = PBXFileReference; explicitFileType = wrapper.cfbundle; includeInIndex = 0; path = TwitterUITests.xctest; sourceTree = BUILT_PRODUCTS_DIR; };
		CA51A76327D3EF2D0049E81C /* TwitterUITests.swift */ = {isa = PBXFileReference; lastKnownFileType = sourcecode.swift; path = TwitterUITests.swift; sourceTree = "<group>"; };
		CA51A76527D3EF2D0049E81C /* TwitterUITestsLaunchTests.swift */ = {isa = PBXFileReference; lastKnownFileType = sourcecode.swift; path = TwitterUITestsLaunchTests.swift; sourceTree = "<group>"; };
/* End PBXFileReference section */

/* Begin PBXFrameworksBuildPhase section */
		CA51A73C27D3EF200049E81C /* Frameworks */ = {
			isa = PBXFrameworksBuildPhase;
			buildActionMask = 2147483647;
			files = (
			);
			runOnlyForDeploymentPostprocessing = 0;
		};
		CA51A75227D3EF2D0049E81C /* Frameworks */ = {
			isa = PBXFrameworksBuildPhase;
			buildActionMask = 2147483647;
			files = (
			);
			runOnlyForDeploymentPostprocessing = 0;
		};
		CA51A75C27D3EF2D0049E81C /* Frameworks */ = {
			isa = PBXFrameworksBuildPhase;
			buildActionMask = 2147483647;
			files = (
			);
			runOnlyForDeploymentPostprocessing = 0;
		};
/* End PBXFrameworksBuildPhase section */

/* Begin PBXGroup section */
		CA51A73627D3EF200049E81C = {
			isa = PBXGroup;
			children = (
				CA51A74127D3EF200049E81C /* Twitter */,
				CA51A75827D3EF2D0049E81C /* TwitterTests */,
				CA51A76227D3EF2D0049E81C /* TwitterUITests */,
				CA51A74027D3EF200049E81C /* Products */,
			);
			sourceTree = "<group>";
		};
		CA51A74027D3EF200049E81C /* Products */ = {
			isa = PBXGroup;
			children = (
				CA51A73F27D3EF200049E81C /* Twitter.app */,
				CA51A75527D3EF2D0049E81C /* TwitterTests.xctest */,
				CA51A75F27D3EF2D0049E81C /* TwitterUITests.xctest */,
			);
			name = Products;
			sourceTree = "<group>";
		};
		CA51A74127D3EF200049E81C /* Twitter */ = {
			isa = PBXGroup;
			children = (
				CA51A74227D3EF200049E81C /* AppDelegate.swift */,
				CA51A74427D3EF200049E81C /* SceneDelegate.swift */,
				CA51A74627D3EF200049E81C /* ViewController.swift */,
				CA51A74827D3EF200049E81C /* Main.storyboard */,
				CA51A74B27D3EF2C0049E81C /* Assets.xcassets */,
				CA51A74D27D3EF2C0049E81C /* LaunchScreen.storyboard */,
				CA51A75027D3EF2C0049E81C /* Info.plist */,
			);
			path = Twitter;
			sourceTree = "<group>";
		};
		CA51A75827D3EF2D0049E81C /* TwitterTests */ = {
			isa = PBXGroup;
			children = (
				CA51A75927D3EF2D0049E81C /* TwitterTests.swift */,
			);
			path = TwitterTests;
			sourceTree = "<group>";
		};
		CA51A76227D3EF2D0049E81C /* TwitterUITests */ = {
			isa = PBXGroup;
			children = (
				CA51A76327D3EF2D0049E81C /* TwitterUITests.swift */,
				CA51A76527D3EF2D0049E81C /* TwitterUITestsLaunchTests.swift */,
			);
			path = TwitterUITests;
			sourceTree = "<group>";
		};
/* End PBXGroup section */

/* Begin PBXNativeTarget section */
		CA51A73E27D3EF200049E81C /* Twitter */ = {
			isa = PBXNativeTarget;
			buildConfigurationList = CA51A76927D3EF2D0049E81C /* Build configuration list for PBXNativeTarget "Twitter" */;
			buildPhases = (
				CA51A73B27D3EF200049E81C /* Sources */,
				CA51A73C27D3EF200049E81C /* Frameworks */,
				CA51A73D27D3EF200049E81C /* Resources */,
			);
			buildRules = (
			);
			dependencies = (
			);
			name = Twitter;
			productName = Twitter;
			productReference = CA51A73F27D3EF200049E81C /* Twitter.app */;
			productType = "com.apple.product-type.application";
		};
		CA51A75427D3EF2D0049E81C /* TwitterTests */ = {
			isa = PBXNativeTarget;
			buildConfigurationList = CA51A76C27D3EF2D0049E81C /* Build configuration list for PBXNativeTarget "TwitterTests" */;
			buildPhases = (
				CA51A75127D3EF2D0049E81C /* Sources */,
				CA51A75227D3EF2D0049E81C /* Frameworks */,
				CA51A75327D3EF2D0049E81C /* Resources */,
			);
			buildRules = (
			);
			dependencies = (
				CA51A75727D3EF2D0049E81C /* PBXTargetDependency */,
			);
			name = TwitterTests;
			productName = TwitterTests;
			productReference = CA51A75527D3EF2D0049E81C /* TwitterTests.xctest */;
			productType = "com.apple.product-type.bundle.unit-test";
		};
		CA51A75E27D3EF2D0049E81C /* TwitterUITests */ = {
			isa = PBXNativeTarget;
			buildConfigurationList = CA51A76F27D3EF2D0049E81C /* Build configuration list for PBXNativeTarget "TwitterUITests" */;
			buildPhases = (
				CA51A75B27D3EF2D0049E81C /* Sources */,
				CA51A75C27D3EF2D0049E81C /* Frameworks */,
				CA51A75D27D3EF2D0049E81C /* Resources */,
			);
			buildRules = (
			);
			dependencies = (
				CA51A76127D3EF2D0049E81C /* PBXTargetDependency */,
			);
			name = TwitterUITests;
			productName = TwitterUITests;
			productReference = CA51A75F27D3EF2D0049E81C /* TwitterUITests.xctest */;
			productType = "com.apple.product-type.bundle.ui-testing";
		};
/* End PBXNativeTarget section */

/* Begin PBXProject section */
		CA51A73727D3EF200049E81C /* Project object */ = {
			isa = PBXProject;
			attributes = {
				BuildIndependentTargetsInParallel = 1;
				LastSwiftUpdateCheck = 1310;
				LastUpgradeCheck = 1310;
				TargetAttributes = {
					CA51A73E27D3EF200049E81C = {
						CreatedOnToolsVersion = 13.1;
					};
					CA51A75427D3EF2D0049E81C = {
						CreatedOnToolsVersion = 13.1;
						TestTargetID = CA51A73E27D3EF200049E81C;
					};
					CA51A75E27D3EF2D0049E81C = {
						CreatedOnToolsVersion = 13.1;
						TestTargetID = CA51A73E27D3EF200049E81C;
					};
				};
			};
			buildConfigurationList = CA51A73A27D3EF200049E81C /* Build configuration list for PBXProject "Twitter" */;
			compatibilityVersion = "Xcode 13.0";
			developmentRegion = en;
			hasScannedForEncodings = 0;
			knownRegions = (
				en,
				Base,
			);
			mainGroup = CA51A73627D3EF200049E81C;
			productRefGroup = CA51A74027D3EF200049E81C /* Products */;
			projectDirPath = "";
			projectRoot = "";
			targets = (
				CA51A73E27D3EF200049E81C /* Twitter */,
				CA51A75427D3EF2D0049E81C /* TwitterTests */,
				CA51A75E27D3EF2D0049E81C /* TwitterUITests */,
			);
		};
/* End PBXProject section */

/* Begin PBXResourcesBuildPhase section */
		CA51A73D27D3EF200049E81C /* Resources */ = {
			isa = PBXResourcesBuildPhase;
			buildActionMask = 2147483647;
			files = (
				CA51A74F27D3EF2C0049E81C /* LaunchScreen.storyboard in Resources */,
				CA51A74C27D3EF2C0049E81C /* Assets.xcassets in Resources */,
				CA51A74A27D3EF200049E81C /* Main.storyboard in Resources */,
			);
			runOnlyForDeploymentPostprocessing = 0;
		};
		CA51A75327D3EF2D0049E81C /* Resources */ = {
			isa = PBXResourcesBuildPhase;
			buildActionMask = 2147483647;
			files = (
			);
			runOnlyForDeploymentPostprocessing = 0;
		};
		CA51A75D27D3EF2D0049E81C /* Resources */ = {
			isa = PBXResourcesBuildPhase;
			buildActionMask = 2147483647;
			files = (
			);
			runOnlyForDeploymentPostprocessing = 0;
		};
/* End PBXResourcesBuildPhase section */

/* Begin PBXSourcesBuildPhase section */
		CA51A73B27D3EF200049E81C /* Sources */ = {
			isa = PBXSourcesBuildPhase;
			buildActionMask = 2147483647;
			files = (
				CA51A74727D3EF200049E81C /* ViewController.swift in Sources */,
				CA51A74327D3EF200049E81C /* AppDelegate.swift in Sources */,
				CA51A74527D3EF200049E81C /* SceneDelegate.swift in Sources */,
			);
			runOnlyForDeploymentPostprocessing = 0;
		};
		CA51A75127D3EF2D0049E81C /* Sources */ = {
			isa = PBXSourcesBuildPhase;
			buildActionMask = 2147483647;
			files = (
				CA51A75A27D3EF2D0049E81C /* TwitterTests.swift in Sources */,
			);
			runOnlyForDeploymentPostprocessing = 0;
		};
		CA51A75B27D3EF2D0049E81C /* Sources */ = {
			isa = PBXSourcesBuildPhase;
			buildActionMask = 2147483647;
			files = (
				CA51A76627D3EF2D0049E81C /* TwitterUITestsLaunchTests.swift in Sources */,
				CA51A76427D3EF2D0049E81C /* TwitterUITests.swift in Sources */,
			);
			runOnlyForDeploymentPostprocessing = 0;
		};
/* End PBXSourcesBuildPhase section */

/* Begin PBXTargetDependency section */
		CA51A75727D3EF2D0049E81C /* PBXTargetDependency */ = {
			isa = PBXTargetDependency;
			target = CA51A73E27D3EF200049E81C /* Twitter */;
			targetProxy = CA51A75627D3EF2D0049E81C /* PBXContainerItemProxy */;
		};
		CA51A76127D3EF2D0049E81C /* PBXTargetDependency */ = {
			isa = PBXTargetDependency;
			target = CA51A73E27D3EF200049E81C /* Twitter */;
			targetProxy = CA51A76027D3EF2D0049E81C /* PBXContainerItemProxy */;
		};
/* End PBXTargetDependency section */

/* Begin PBXVariantGroup section */
		CA51A74827D3EF200049E81C /* Main.storyboard */ = {
			isa = PBXVariantGroup;
			children = (
				CA51A74927D3EF200049E81C /* Base */,
			);
			name = Main.storyboard;
			sourceTree = "<group>";
		};
		CA51A74D27D3EF2C0049E81C /* LaunchScreen.storyboard */ = {
			isa = PBXVariantGroup;
			children = (
				CA51A74E27D3EF2C0049E81C /* Base */,
			);
			name = LaunchScreen.storyboard;
			sourceTree = "<group>";
		};
/* End PBXVariantGroup section */

/* Begin XCBuildConfiguration section */
		CA51A76727D3EF2D0049E81C /* Debug */ = {
			isa = XCBuildConfiguration;
			buildSettings = {
				ALWAYS_SEARCH_USER_PATHS = NO;
				CLANG_ANALYZER_NONNULL = YES;
				CLANG_ANALYZER_NUMBER_OBJECT_CONVERSION = YES_AGGRESSIVE;
				CLANG_CXX_LANGUAGE_STANDARD = "gnu++17";
				CLANG_CXX_LIBRARY = "libc++";
				CLANG_ENABLE_MODULES = YES;
				CLANG_ENABLE_OBJC_ARC = YES;
				CLANG_ENABLE_OBJC_WEAK = YES;
				CLANG_WARN_BLOCK_CAPTURE_AUTORELEASING = YES;
				CLANG_WARN_BOOL_CONVERSION = YES;
				CLANG_WARN_COMMA = YES;
				CLANG_WARN_CONSTANT_CONVERSION = YES;
				CLANG_WARN_DEPRECATED_OBJC_IMPLEMENTATIONS = YES;
				CLANG_WARN_DIRECT_OBJC_ISA_USAGE = YES_ERROR;
				CLANG_WARN_DOCUMENTATION_COMMENTS = YES;
				CLANG_WARN_EMPTY_BODY = YES;
				CLANG_WARN_ENUM_CONVERSION = YES;
				CLANG_WARN_INFINITE_RECURSION = YES;
				CLANG_WARN_INT_CONVERSION = YES;
				CLANG_WARN_NON_LITERAL_NULL_CONVERSION = YES;
				CLANG_WARN_OBJC_IMPLICIT_RETAIN_SELF = YES;
				CLANG_WARN_OBJC_LITERAL_CONVERSION = YES;
				CLANG_WARN_OBJC_ROOT_CLASS = YES_ERROR;
				CLANG_WARN_QUOTED_INCLUDE_IN_FRAMEWORK_HEADER = YES;
				CLANG_WARN_RANGE_LOOP_ANALYSIS = YES;
				CLANG_WARN_STRICT_PROTOTYPES = YES;
				CLANG_WARN_SUSPICIOUS_MOVE = YES;
				CLANG_WARN_UNGUARDED_AVAILABILITY = YES_AGGRESSIVE;
				CLANG_WARN_UNREACHABLE_CODE = YES;
				CLANG_WARN__DUPLICATE_METHOD_MATCH = YES;
				COPY_PHASE_STRIP = NO;
				DEBUG_INFORMATION_FORMAT = dwarf;
				ENABLE_STRICT_OBJC_MSGSEND = YES;
				ENABLE_TESTABILITY = YES;
				GCC_C_LANGUAGE_STANDARD = gnu11;
				GCC_DYNAMIC_NO_PIC = NO;
				GCC_NO_COMMON_BLOCKS = YES;
				GCC_OPTIMIZATION_LEVEL = 0;
				GCC_PREPROCESSOR_DEFINITIONS = (
					"DEBUG=1",
					"$(inherited)",
				);
				GCC_WARN_64_TO_32_BIT_CONVERSION = YES;
				GCC_WARN_ABOUT_RETURN_TYPE = YES_ERROR;
				GCC_WARN_UNDECLARED_SELECTOR = YES;
				GCC_WARN_UNINITIALIZED_AUTOS = YES_AGGRESSIVE;
				GCC_WARN_UNUSED_FUNCTION = YES;
				GCC_WARN_UNUSED_VARIABLE = YES;
				IPHONEOS_DEPLOYMENT_TARGET = 15.0;
				MTL_ENABLE_DEBUG_INFO = INCLUDE_SOURCE;
				MTL_FAST_MATH = YES;
				ONLY_ACTIVE_ARCH = YES;
				SDKROOT = iphoneos;
				SWIFT_ACTIVE_COMPILATION_CONDITIONS = DEBUG;
				SWIFT_OPTIMIZATION_LEVEL = "-Onone";
			};
			name = Debug;
		};
		CA51A76827D3EF2D0049E81C /* Release */ = {
			isa = XCBuildConfiguration;
			buildSettings = {
				ALWAYS_SEARCH_USER_PATHS = NO;
				CLANG_ANALYZER_NONNULL = YES;
				CLANG_ANALYZER_NUMBER_OBJECT_CONVERSION = YES_AGGRESSIVE;
				CLANG_CXX_LANGUAGE_STANDARD = "gnu++17";
				CLANG_CXX_LIBRARY = "libc++";
				CLANG_ENABLE_MODULES = YES;
				CLANG_ENABLE_OBJC_ARC = YES;
				CLANG_ENABLE_OBJC_WEAK = YES;
				CLANG_WARN_BLOCK_CAPTURE_AUTORELEASING = YES;
				CLANG_WARN_BOOL_CONVERSION = YES;
				CLANG_WARN_COMMA = YES;
				CLANG_WARN_CONSTANT_CONVERSION = YES;
				CLANG_WARN_DEPRECATED_OBJC_IMPLEMENTATIONS = YES;
				CLANG_WARN_DIRECT_OBJC_ISA_USAGE = YES_ERROR;
				CLANG_WARN_DOCUMENTATION_COMMENTS = YES;
				CLANG_WARN_EMPTY_BODY = YES;
				CLANG_WARN_ENUM_CONVERSION = YES;
				CLANG_WARN_INFINITE_RECURSION = YES;
				CLANG_WARN_INT_CONVERSION = YES;
				CLANG_WARN_NON_LITERAL_NULL_CONVERSION = YES;
				CLANG_WARN_OBJC_IMPLICIT_RETAIN_SELF = YES;
				CLANG_WARN_OBJC_LITERAL_CONVERSION = YES;
				CLANG_WARN_OBJC_ROOT_CLASS = YES_ERROR;
				CLANG_WARN_QUOTED_INCLUDE_IN_FRAMEWORK_HEADER = YES;
				CLANG_WARN_RANGE_LOOP_ANALYSIS = YES;
				CLANG_WARN_STRICT_PROTOTYPES = YES;
				CLANG_WARN_SUSPICIOUS_MOVE = YES;
				CLANG_WARN_UNGUARDED_AVAILABILITY = YES_AGGRESSIVE;
				CLANG_WARN_UNREACHABLE_CODE = YES;
				CLANG_WARN__DUPLICATE_METHOD_MATCH = YES;
				COPY_PHASE_STRIP = NO;
				DEBUG_INFORMATION_FORMAT = "dwarf-with-dsym";
				ENABLE_NS_ASSERTIONS = NO;
				ENABLE_STRICT_OBJC_MSGSEND = YES;
				GCC_C_LANGUAGE_STANDARD = gnu11;
				GCC_NO_COMMON_BLOCKS = YES;
				GCC_WARN_64_TO_32_BIT_CONVERSION = YES;
				GCC_WARN_ABOUT_RETURN_TYPE = YES_ERROR;
				GCC_WARN_UNDECLARED_SELECTOR = YES;
				GCC_WARN_UNINITIALIZED_AUTOS = YES_AGGRESSIVE;
				GCC_WARN_UNUSED_FUNCTION = YES;
				GCC_WARN_UNUSED_VARIABLE = YES;
				IPHONEOS_DEPLOYMENT_TARGET = 15.0;
				MTL_ENABLE_DEBUG_INFO = NO;
				MTL_FAST_MATH = YES;
				SDKROOT = iphoneos;
				SWIFT_COMPILATION_MODE = wholemodule;
				SWIFT_OPTIMIZATION_LEVEL = "-O";
				VALIDATE_PRODUCT = YES;
			};
			name = Release;
		};
		CA51A76A27D3EF2D0049E81C /* Debug */ = {
			isa = XCBuildConfiguration;
			buildSettings = {
				ASSETCATALOG_COMPILER_APPICON_NAME = AppIcon;
				ASSETCATALOG_COMPILER_GLOBAL_ACCENT_COLOR_NAME = AccentColor;
				CODE_SIGN_STYLE = Automatic;
				CURRENT_PROJECT_VERSION = 1;
				DEVELOPMENT_TEAM = 7C5LP2D52P;
				GENERATE_INFOPLIST_FILE = YES;
				INFOPLIST_FILE = Twitter/Info.plist;
				INFOPLIST_KEY_UIApplicationSupportsIndirectInputEvents = YES;
				INFOPLIST_KEY_UILaunchStoryboardName = LaunchScreen;
				INFOPLIST_KEY_UIMainStoryboardFile = Main;
				INFOPLIST_KEY_UISupportedInterfaceOrientations_iPad = "UIInterfaceOrientationPortrait UIInterfaceOrientationPortraitUpsideDown UIInterfaceOrientationLandscapeLeft UIInterfaceOrientationLandscapeRight";
				INFOPLIST_KEY_UISupportedInterfaceOrientations_iPhone = "UIInterfaceOrientationPortrait UIInterfaceOrientationLandscapeLeft UIInterfaceOrientationLandscapeRight";
				LD_RUNPATH_SEARCH_PATHS = (
					"$(inherited)",
					"@executable_path/Frameworks",
				);
				MARKETING_VERSION = 1.0;
				PRODUCT_BUNDLE_IDENTIFIER = com.jiaojiaon.Twitter;
				PRODUCT_NAME = "$(TARGET_NAME)";
				SWIFT_EMIT_LOC_STRINGS = YES;
				SWIFT_VERSION = 5.0;
				TARGETED_DEVICE_FAMILY = "1,2";
			};
			name = Debug;
		};
		CA51A76B27D3EF2D0049E81C /* Release */ = {
			isa = XCBuildConfiguration;
			buildSettings = {
				ASSETCATALOG_COMPILER_APPICON_NAME = AppIcon;
				ASSETCATALOG_COMPILER_GLOBAL_ACCENT_COLOR_NAME = AccentColor;
				CODE_SIGN_STYLE = Automatic;
				CURRENT_PROJECT_VERSION = 1;
				DEVELOPMENT_TEAM = 7C5LP2D52P;
				GENERATE_INFOPLIST_FILE = YES;
				INFOPLIST_FILE = Twitter/Info.plist;
				INFOPLIST_KEY_UIApplicationSupportsIndirectInputEvents = YES;
				INFOPLIST_KEY_UILaunchStoryboardName = LaunchScreen;
				INFOPLIST_KEY_UIMainStoryboardFile = Main;
				INFOPLIST_KEY_UISupportedInterfaceOrientations_iPad = "UIInterfaceOrientationPortrait UIInterfaceOrientationPortraitUpsideDown UIInterfaceOrientationLandscapeLeft UIInterfaceOrientationLandscapeRight";
				INFOPLIST_KEY_UISupportedInterfaceOrientations_iPhone = "UIInterfaceOrientationPortrait UIInterfaceOrientationLandscapeLeft UIInterfaceOrientationLandscapeRight";
				LD_RUNPATH_SEARCH_PATHS = (
					"$(inherited)",
					"@executable_path/Frameworks",
				);
				MARKETING_VERSION = 1.0;
				PRODUCT_BUNDLE_IDENTIFIER = com.jiaojiaon.Twitter;
				PRODUCT_NAME = "$(TARGET_NAME)";
				SWIFT_EMIT_LOC_STRINGS = YES;
				SWIFT_VERSION = 5.0;
				TARGETED_DEVICE_FAMILY = "1,2";
			};
			name = Release;
		};
		CA51A76D27D3EF2D0049E81C /* Debug */ = {
			isa = XCBuildConfiguration;
			buildSettings = {
				ALWAYS_EMBED_SWIFT_STANDARD_LIBRARIES = YES;
				BUNDLE_LOADER = "$(TEST_HOST)";
				CODE_SIGN_STYLE = Automatic;
				CURRENT_PROJECT_VERSION = 1;
				DEVELOPMENT_TEAM = 7C5LP2D52P;
				GENERATE_INFOPLIST_FILE = YES;
				IPHONEOS_DEPLOYMENT_TARGET = 15.0;
				LD_RUNPATH_SEARCH_PATHS = (
					"$(inherited)",
					"@executable_path/Frameworks",
					"@loader_path/Frameworks",
				);
				MARKETING_VERSION = 1.0;
				PRODUCT_BUNDLE_IDENTIFIER = com.jiaojiaon.TwitterTests;
				PRODUCT_NAME = "$(TARGET_NAME)";
				SWIFT_EMIT_LOC_STRINGS = NO;
				SWIFT_VERSION = 5.0;
				TARGETED_DEVICE_FAMILY = "1,2";
				TEST_HOST = "$(BUILT_PRODUCTS_DIR)/Twitter.app/Twitter";
			};
			name = Debug;
		};
		CA51A76E27D3EF2D0049E81C /* Release */ = {
			isa = XCBuildConfiguration;
			buildSettings = {
				ALWAYS_EMBED_SWIFT_STANDARD_LIBRARIES = YES;
				BUNDLE_LOADER = "$(TEST_HOST)";
				CODE_SIGN_STYLE = Automatic;
				CURRENT_PROJECT_VERSION = 1;
				DEVELOPMENT_TEAM = 7C5LP2D52P;
				GENERATE_INFOPLIST_FILE = YES;
				IPHONEOS_DEPLOYMENT_TARGET = 15.0;
				LD_RUNPATH_SEARCH_PATHS = (
					"$(inherited)",
					"@executable_path/Frameworks",
					"@loader_path/Frameworks",
				);
				MARKETING_VERSION = 1.0;
				PRODUCT_BUNDLE_IDENTIFIER = com.jiaojiaon.TwitterTests;
				PRODUCT_NAME = "$(TARGET_NAME)";
				SWIFT_EMIT_LOC_STRINGS = NO;
				SWIFT_VERSION = 5.0;
				TARGETED_DEVICE_FAMILY = "1,2";
				TEST_HOST = "$(BUILT_PRODUCTS_DIR)/Twitter.app/Twitter";
			};
			name = Release;
		};
		CA51A77027D3EF2D0049E81C /* Debug */ = {
			isa = XCBuildConfiguration;
			buildSettings = {
				ALWAYS_EMBED_SWIFT_STANDARD_LIBRARIES = YES;
				CODE_SIGN_STYLE = Automatic;
				CURRENT_PROJECT_VERSION = 1;
				DEVELOPMENT_TEAM = 7C5LP2D52P;
				GENERATE_INFOPLIST_FILE = YES;
				LD_RUNPATH_SEARCH_PATHS = (
					"$(inherited)",
					"@executable_path/Frameworks",
					"@loader_path/Frameworks",
				);
				MARKETING_VERSION = 1.0;
				PRODUCT_BUNDLE_IDENTIFIER = com.jiaojiaon.TwitterUITests;
				PRODUCT_NAME = "$(TARGET_NAME)";
				SWIFT_EMIT_LOC_STRINGS = NO;
				SWIFT_VERSION = 5.0;
				TARGETED_DEVICE_FAMILY = "1,2";
				TEST_TARGET_NAME = Twitter;
			};
			name = Debug;
		};
		CA51A77127D3EF2D0049E81C /* Release */ = {
			isa = XCBuildConfiguration;
			buildSettings = {
				ALWAYS_EMBED_SWIFT_STANDARD_LIBRARIES = YES;
				CODE_SIGN_STYLE = Automatic;
				CURRENT_PROJECT_VERSION = 1;
				DEVELOPMENT_TEAM = 7C5LP2D52P;
				GENERATE_INFOPLIST_FILE = YES;
				LD_RUNPATH_SEARCH_PATHS = (
					"$(inherited)",
					"@executable_path/Frameworks",
					"@loader_path/Frameworks",
				);
				MARKETING_VERSION = 1.0;
				PRODUCT_BUNDLE_IDENTIFIER = com.jiaojiaon.TwitterUITests;
				PRODUCT_NAME = "$(TARGET_NAME)";
				SWIFT_EMIT_LOC_STRINGS = NO;
				SWIFT_VERSION = 5.0;
				TARGETED_DEVICE_FAMILY = "1,2";
				TEST_TARGET_NAME = Twitter;
			};
			name = Release;
		};
/* End XCBuildConfiguration section */

/* Begin XCConfigurationList section */
		CA51A73A27D3EF200049E81C /* Build configuration list for PBXProject "Twitter" */ = {
			isa = XCConfigurationList;
			buildConfigurations = (
				CA51A76727D3EF2D0049E81C /* Debug */,
				CA51A76827D3EF2D0049E81C /* Release */,
			);
			defaultConfigurationIsVisible = 0;
			defaultConfigurationName = Release;
		};
		CA51A76927D3EF2D0049E81C /* Build configuration list for PBXNativeTarget "Twitter" */ = {
			isa = XCConfigurationList;
			buildConfigurations = (
				CA51A76A27D3EF2D0049E81C /* Debug */,
				CA51A76B27D3EF2D0049E81C /* Release */,
			);
			defaultConfigurationIsVisible = 0;
			defaultConfigurationName = Release;
		};
		CA51A76C27D3EF2D0049E81C /* Build configuration list for PBXNativeTarget "TwitterTests" */ = {
			isa = XCConfigurationList;
			buildConfigurations = (
				CA51A76D27D3EF2D0049E81C /* Debug */,
				CA51A76E27D3EF2D0049E81C /* Release */,
			);
			defaultConfigurationIsVisible = 0;
			defaultConfigurationName = Release;
		};
		CA51A76F27D3EF2D0049E81C /* Build configuration list for PBXNativeTarget "TwitterUITests" */ = {
			isa = XCConfigurationList;
			buildConfigurations = (
				CA51A77027D3EF2D0049E81C /* Debug */,
				CA51A77127D3EF2D0049E81C /* Release */,
			);
			defaultConfigurationIsVisible = 0;
			defaultConfigurationName = Release;
		};
/* End XCConfigurationList section */
	};
	rootObject = CA51A73727D3EF200049E81C /* Project object */;
}
